// !$*UTF8*$!
{
	archiveVersion = 1;
	classes = {
	};
	objectVersion = 77;
	objects = {

/* Begin PBXContainerItemProxy section */
		7B4080FD2E296CDD003F916D /* PBXContainerItemProxy */ = {
			isa = PBXContainerItemProxy;
			containerPortal = 7B4080E42E296CD9003F916D /* Project object */;
			proxyType = 1;
			remoteGlobalIDString = 7B4080EB2E296CD9003F916D;
			remoteInfo = RickAndMortySearchApp;
		};
		7B4081072E296CDD003F916D /* PBXContainerItemProxy */ = {
			isa = PBXContainerItemProxy;
			containerPortal = 7B4080E42E296CD9003F916D /* Project object */;
			proxyType = 1;
			remoteGlobalIDString = 7B4080EB2E296CD9003F916D;
			remoteInfo = RickAndMortySearchApp;
		};
/* End PBXContainerItemProxy section */

/* Begin PBXFileReference section */
		7B4080EC2E296CD9003F916D /* RickAndMortySearchApp.app */ = {isa = PBXFileReference; explicitFileType = wrapper.application; includeInIndex = 0; path = RickAndMortySearchApp.app; sourceTree = BUILT_PRODUCTS_DIR; };
		7B4080FC2E296CDD003F916D /* RickAndMortySearchAppTests.xctest */ = {isa = PBXFileReference; explicitFileType = wrapper.cfbundle; includeInIndex = 0; path = RickAndMortySearchAppTests.xctest; sourceTree = BUILT_PRODUCTS_DIR; };
		7B4081062E296CDD003F916D /* RickAndMortySearchAppUITests.xctest */ = {isa = PBXFileReference; explicitFileType = wrapper.cfbundle; includeInIndex = 0; path = RickAndMortySearchAppUITests.xctest; sourceTree = BUILT_PRODUCTS_DIR; };
/* End PBXFileReference section */

/* Begin PBXFileSystemSynchronizedBuildFileExceptionSet section */
		7B4081352E29A824003F916D /* Exceptions for "RickAndMortySearchApp" folder in "RickAndMortySearchAppTests" target */ = {
			isa = PBXFileSystemSynchronizedBuildFileExceptionSet;
			membershipExceptions = (
				Model/Character.swift,
				Model/CharacterResponse.swift,
				Networking/NetworkError.swift,
				Networking/NetworkManager.swift,
				ViewModel/SearchViewModel.swift,
			);
			target = 7B4080FB2E296CDD003F916D /* RickAndMortySearchAppTests */;
		};
		7B4081362E29A824003F916D /* Exceptions for "RickAndMortySearchApp" folder in "RickAndMortySearchAppUITests" target */ = {
			isa = PBXFileSystemSynchronizedBuildFileExceptionSet;
			membershipExceptions = (
				Model/Character.swift,
				Model/CharacterResponse.swift,
				Networking/NetworkError.swift,
				Networking/NetworkManager.swift,
				ViewModel/SearchViewModel.swift,
			);
			target = 7B4081052E296CDD003F916D /* RickAndMortySearchAppUITests */;
		};
/* End PBXFileSystemSynchronizedBuildFileExceptionSet section */

/* Begin PBXFileSystemSynchronizedRootGroup section */
		7B4080EE2E296CD9003F916D /* RickAndMortySearchApp */ = {
			isa = PBXFileSystemSynchronizedRootGroup;
			exceptions = (
				7B4081352E29A824003F916D /* Exceptions for "RickAndMortySearchApp" folder in "RickAndMortySearchAppTests" target */,
				7B4081362E29A824003F916D /* Exceptions for "RickAndMortySearchApp" folder in "RickAndMortySearchAppUITests" target */,
			);
			path = RickAndMortySearchApp;
			sourceTree = "<group>";
		};
		7B4080FF2E296CDD003F916D /* RickAndMortySearchAppTests */ = {
			isa = PBXFileSystemSynchronizedRootGroup;
			path = RickAndMortySearchAppTests;
			sourceTree = "<group>";
		};
		7B4081092E296CDD003F916D /* RickAndMortySearchAppUITests */ = {
			isa = PBXFileSystemSynchronizedRootGroup;
			path = RickAndMortySearchAppUITests;
			sourceTree = "<group>";
		};
/* End PBXFileSystemSynchronizedRootGroup section */

/* Begin PBXFrameworksBuildPhase section */
		7B4080E92E296CD9003F916D /* Frameworks */ = {
			isa = PBXFrameworksBuildPhase;
			buildActionMask = 2147483647;
			files = (
			);
			runOnlyForDeploymentPostprocessing = 0;
		};
		7B4080F92E296CDD003F916D /* Frameworks */ = {
			isa = PBXFrameworksBuildPhase;
			buildActionMask = 2147483647;
			files = (
			);
			runOnlyForDeploymentPostprocessing = 0;
		};
		7B4081032E296CDD003F916D /* Frameworks */ = {
			isa = PBXFrameworksBuildPhase;
			buildActionMask = 2147483647;
			files = (
			);
			runOnlyForDeploymentPostprocessing = 0;
		};
/* End PBXFrameworksBuildPhase section */

/* Begin PBXGroup section */
		7B4080E32E296CD9003F916D = {
			isa = PBXGroup;
			children = (
				7B4080EE2E296CD9003F916D /* RickAndMortySearchApp */,
				7B4080FF2E296CDD003F916D /* RickAndMortySearchAppTests */,
				7B4081092E296CDD003F916D /* RickAndMortySearchAppUITests */,
				7B4080ED2E296CD9003F916D /* Products */,
			);
			sourceTree = "<group>";
		};
		7B4080ED2E296CD9003F916D /* Products */ = {
			isa = PBXGroup;
			children = (
				7B4080EC2E296CD9003F916D /* RickAndMortySearchApp.app */,
				7B4080FC2E296CDD003F916D /* RickAndMortySearchAppTests.xctest */,
				7B4081062E296CDD003F916D /* RickAndMortySearchAppUITests.xctest */,
			);
			name = Products;
			sourceTree = "<group>";
		};
/* End PBXGroup section */

/* Begin PBXNativeTarget section */
		7B4080EB2E296CD9003F916D /* RickAndMortySearchApp */ = {
			isa = PBXNativeTarget;
			buildConfigurationList = 7B4081102E296CDD003F916D /* Build configuration list for PBXNativeTarget "RickAndMortySearchApp" */;
			buildPhases = (
				7B4080E82E296CD9003F916D /* Sources */,
				7B4080E92E296CD9003F916D /* Frameworks */,
				7B4080EA2E296CD9003F916D /* Resources */,
			);
			buildRules = (
			);
			dependencies = (
			);
			fileSystemSynchronizedGroups = (
				7B4080EE2E296CD9003F916D /* RickAndMortySearchApp */,
			);
			name = RickAndMortySearchApp;
			packageProductDependencies = (
			);
			productName = RickAndMortySearchApp;
			productReference = 7B4080EC2E296CD9003F916D /* RickAndMortySearchApp.app */;
			productType = "com.apple.product-type.application";
		};
		7B4080FB2E296CDD003F916D /* RickAndMortySearchAppTests */ = {
			isa = PBXNativeTarget;
			buildConfigurationList = 7B4081132E296CDD003F916D /* Build configuration list for PBXNativeTarget "RickAndMortySearchAppTests" */;
			buildPhases = (
				7B4080F82E296CDD003F916D /* Sources */,
				7B4080F92E296CDD003F916D /* Frameworks */,
				7B4080FA2E296CDD003F916D /* Resources */,
			);
			buildRules = (
			);
			dependencies = (
				7B4080FE2E296CDD003F916D /* PBXTargetDependency */,
			);
			fileSystemSynchronizedGroups = (
				7B4080FF2E296CDD003F916D /* RickAndMortySearchAppTests */,
			);
			name = RickAndMortySearchAppTests;
			packageProductDependencies = (
			);
			productName = RickAndMortySearchAppTests;
			productReference = 7B4080FC2E296CDD003F916D /* RickAndMortySearchAppTests.xctest */;
			productType = "com.apple.product-type.bundle.unit-test";
		};
		7B4081052E296CDD003F916D /* RickAndMortySearchAppUITests */ = {
			isa = PBXNativeTarget;
			buildConfigurationList = 7B4081162E296CDD003F916D /* Build configuration list for PBXNativeTarget "RickAndMortySearchAppUITests" */;
			buildPhases = (
				7B4081022E296CDD003F916D /* Sources */,
				7B4081032E296CDD003F916D /* Frameworks */,
				7B4081042E296CDD003F916D /* Resources */,
			);
			buildRules = (
			);
			dependencies = (
				7B4081082E296CDD003F916D /* PBXTargetDependency */,
			);
			fileSystemSynchronizedGroups = (
				7B4081092E296CDD003F916D /* RickAndMortySearchAppUITests */,
			);
			name = RickAndMortySearchAppUITests;
			packageProductDependencies = (
			);
			productName = RickAndMortySearchAppUITests;
			productReference = 7B4081062E296CDD003F916D /* RickAndMortySearchAppUITests.xctest */;
			productType = "com.apple.product-type.bundle.ui-testing";
		};
/* End PBXNativeTarget section */

/* Begin PBXProject section */
		7B4080E42E296CD9003F916D /* Project object */ = {
			isa = PBXProject;
			attributes = {
				BuildIndependentTargetsInParallel = 1;
				LastSwiftUpdateCheck = 1620;
				LastUpgradeCheck = 1620;
				TargetAttributes = {
					7B4080EB2E296CD9003F916D = {
						CreatedOnToolsVersion = 16.2;
					};
					7B4080FB2E296CDD003F916D = {
						CreatedOnToolsVersion = 16.2;
						TestTargetID = 7B4080EB2E296CD9003F916D;
					};
					7B4081052E296CDD003F916D = {
						CreatedOnToolsVersion = 16.2;
						TestTargetID = 7B4080EB2E296CD9003F916D;
					};
				};
			};
			buildConfigurationList = 7B4080E72E296CD9003F916D /* Build configuration list for PBXProject "RickAndMortySearchApp" */;
			developmentRegion = en;
			hasScannedForEncodings = 0;
			knownRegions = (
				en,
				Base,
			);
			mainGroup = 7B4080E32E296CD9003F916D;
			minimizedProjectReferenceProxies = 1;
			preferredProjectObjectVersion = 77;
			productRefGroup = 7B4080ED2E296CD9003F916D /* Products */;
			projectDirPath = "";
			projectRoot = "";
			targets = (
				7B4080EB2E296CD9003F916D /* RickAndMortySearchApp */,
				7B4080FB2E296CDD003F916D /* RickAndMortySearchAppTests */,
				7B4081052E296CDD003F916D /* RickAndMortySearchAppUITests */,
			);
		};
/* End PBXProject section */

/* Begin PBXResourcesBuildPhase section */
		7B4080EA2E296CD9003F916D /* Resources */ = {
			isa = PBXResourcesBuildPhase;
			buildActionMask = 2147483647;
			files = (
			);
			runOnlyForDeploymentPostprocessing = 0;
		};
		7B4080FA2E296CDD003F916D /* Resources */ = {
			isa = PBXResourcesBuildPhase;
			buildActionMask = 2147483647;
			files = (
			);
			runOnlyForDeploymentPostprocessing = 0;
		};
		7B4081042E296CDD003F916D /* Resources */ = {
			isa = PBXResourcesBuildPhase;
			buildActionMask = 2147483647;
			files = (
			);
			runOnlyForDeploymentPostprocessing = 0;
		};
/* End PBXResourcesBuildPhase section */

/* Begin PBXSourcesBuildPhase section */
		7B4080E82E296CD9003F916D /* Sources */ = {
			isa = PBXSourcesBuildPhase;
			buildActionMask = 2147483647;
			files = (
			);
			runOnlyForDeploymentPostprocessing = 0;
		};
		7B4080F82E296CDD003F916D /* Sources */ = {
			isa = PBXSourcesBuildPhase;
			buildActionMask = 2147483647;
			files = (
			);
			runOnlyForDeploymentPostprocessing = 0;
		};
		7B4081022E296CDD003F916D /* Sources */ = {
			isa = PBXSourcesBuildPhase;
			buildActionMask = 2147483647;
			files = (
			);
			runOnlyForDeploymentPostprocessing = 0;
		};
/* End PBXSourcesBuildPhase section */

/* Begin PBXTargetDependency section */
		7B4080FE2E296CDD003F916D /* PBXTargetDependency */ = {
			isa = PBXTargetDependency;
			target = 7B4080EB2E296CD9003F916D /* RickAndMortySearchApp */;
			targetProxy = 7B4080FD2E296CDD003F916D /* PBXContainerItemProxy */;
		};
		7B4081082E296CDD003F916D /* PBXTargetDependency */ = {
			isa = PBXTargetDependency;
			target = 7B4080EB2E296CD9003F916D /* RickAndMortySearchApp */;
			targetProxy = 7B4081072E296CDD003F916D /* PBXContainerItemProxy */;
		};
/* End PBXTargetDependency section */

/* Begin XCBuildConfiguration section */
		7B40810E2E296CDD003F916D /* Debug */ = {
			isa = XCBuildConfiguration;
			buildSettings = {
				ALWAYS_SEARCH_USER_PATHS = NO;
				ASSETCATALOG_COMPILER_GENERATE_SWIFT_ASSET_SYMBOL_EXTENSIONS = YES;
				CLANG_ANALYZER_NONNULL = YES;
				CLANG_ANALYZER_NUMBER_OBJECT_CONVERSION = YES_AGGRESSIVE;
				CLANG_CXX_LANGUAGE_STANDARD = "gnu++20";
				CLANG_ENABLE_MODULES = YES;
				CLANG_ENABLE_OBJC_ARC = YES;
				CLANG_ENABLE_OBJC_WEAK = YES;
				CLANG_WARN_BLOCK_CAPTURE_AUTORELEASING = YES;
				CLANG_WARN_BOOL_CONVERSION = YES;
				CLANG_WARN_COMMA = YES;
				CLANG_WARN_CONSTANT_CONVERSION = YES;
				CLANG_WARN_DEPRECATED_OBJC_IMPLEMENTATIONS = YES;
				CLANG_WARN_DIRECT_OBJC_ISA_USAGE = YES_ERROR;
				CLANG_WARN_DOCUMENTATION_COMMENTS = YES;
				CLANG_WARN_EMPTY_BODY = YES;
				CLANG_WARN_ENUM_CONVERSION = YES;
				CLANG_WARN_INFINITE_RECURSION = YES;
				CLANG_WARN_INT_CONVERSION = YES;
				CLANG_WARN_NON_LITERAL_NULL_CONVERSION = YES;
				CLANG_WARN_OBJC_IMPLICIT_RETAIN_SELF = YES;
				CLANG_WARN_OBJC_LITERAL_CONVERSION = YES;
				CLANG_WARN_OBJC_ROOT_CLASS = YES_ERROR;
				CLANG_WARN_QUOTED_INCLUDE_IN_FRAMEWORK_HEADER = YES;
				CLANG_WARN_RANGE_LOOP_ANALYSIS = YES;
				CLANG_WARN_STRICT_PROTOTYPES = YES;
				CLANG_WARN_SUSPICIOUS_MOVE = YES;
				CLANG_WARN_UNGUARDED_AVAILABILITY = YES_AGGRESSIVE;
				CLANG_WARN_UNREACHABLE_CODE = YES;
				CLANG_WARN__DUPLICATE_METHOD_MATCH = YES;
				COPY_PHASE_STRIP = NO;
				DEBUG_INFORMATION_FORMAT = dwarf;
				ENABLE_STRICT_OBJC_MSGSEND = YES;
				ENABLE_TESTABILITY = YES;
				ENABLE_USER_SCRIPT_SANDBOXING = YES;
				GCC_C_LANGUAGE_STANDARD = gnu17;
				GCC_DYNAMIC_NO_PIC = NO;
				GCC_NO_COMMON_BLOCKS = YES;
				GCC_OPTIMIZATION_LEVEL = 0;
				GCC_PREPROCESSOR_DEFINITIONS = (
					"DEBUG=1",
					"$(inherited)",
				);
				GCC_WARN_64_TO_32_BIT_CONVERSION = YES;
				GCC_WARN_ABOUT_RETURN_TYPE = YES_ERROR;
				GCC_WARN_UNDECLARED_SELECTOR = YES;
				GCC_WARN_UNINITIALIZED_AUTOS = YES_AGGRESSIVE;
				GCC_WARN_UNUSED_FUNCTION = YES;
				GCC_WARN_UNUSED_VARIABLE = YES;
				IPHONEOS_DEPLOYMENT_TARGET = 18.2;
				LOCALIZATION_PREFERS_STRING_CATALOGS = YES;
				MTL_ENABLE_DEBUG_INFO = INCLUDE_SOURCE;
				MTL_FAST_MATH = YES;
				ONLY_ACTIVE_ARCH = YES;
				SDKROOT = iphoneos;
				SWIFT_ACTIVE_COMPILATION_CONDITIONS = "DEBUG $(inherited)";
				SWIFT_OPTIMIZATION_LEVEL = "-Onone";
			};
			name = Debug;
		};
		7B40810F2E296CDD003F916D /* Release */ = {
			isa = XCBuildConfiguration;
			buildSettings = {
				ALWAYS_SEARCH_USER_PATHS = NO;
				ASSETCATALOG_COMPILER_GENERATE_SWIFT_ASSET_SYMBOL_EXTENSIONS = YES;
				CLANG_ANALYZER_NONNULL = YES;
				CLANG_ANALYZER_NUMBER_OBJECT_CONVERSION = YES_AGGRESSIVE;
				CLANG_CXX_LANGUAGE_STANDARD = "gnu++20";
				CLANG_ENABLE_MODULES = YES;
				CLANG_ENABLE_OBJC_ARC = YES;
				CLANG_ENABLE_OBJC_WEAK = YES;
				CLANG_WARN_BLOCK_CAPTURE_AUTORELEASING = YES;
				CLANG_WARN_BOOL_CONVERSION = YES;
				CLANG_WARN_COMMA = YES;
				CLANG_WARN_CONSTANT_CONVERSION = YES;
				CLANG_WARN_DEPRECATED_OBJC_IMPLEMENTATIONS = YES;
				CLANG_WARN_DIRECT_OBJC_ISA_USAGE = YES_ERROR;
				CLANG_WARN_DOCUMENTATION_COMMENTS = YES;
				CLANG_WARN_EMPTY_BODY = YES;
				CLANG_WARN_ENUM_CONVERSION = YES;
				CLANG_WARN_INFINITE_RECURSION = YES;
				CLANG_WARN_INT_CONVERSION = YES;
				CLANG_WARN_NON_LITERAL_NULL_CONVERSION = YES;
				CLANG_WARN_OBJC_IMPLICIT_RETAIN_SELF = YES;
				CLANG_WARN_OBJC_LITERAL_CONVERSION = YES;
				CLANG_WARN_OBJC_ROOT_CLASS = YES_ERROR;
				CLANG_WARN_QUOTED_INCLUDE_IN_FRAMEWORK_HEADER = YES;
				CLANG_WARN_RANGE_LOOP_ANALYSIS = YES;
				CLANG_WARN_STRICT_PROTOTYPES = YES;
				CLANG_WARN_SUSPICIOUS_MOVE = YES;
				CLANG_WARN_UNGUARDED_AVAILABILITY = YES_AGGRESSIVE;
				CLANG_WARN_UNREACHABLE_CODE = YES;
				CLANG_WARN__DUPLICATE_METHOD_MATCH = YES;
				COPY_PHASE_STRIP = NO;
				DEBUG_INFORMATION_FORMAT = "dwarf-with-dsym";
				ENABLE_NS_ASSERTIONS = NO;
				ENABLE_STRICT_OBJC_MSGSEND = YES;
				ENABLE_USER_SCRIPT_SANDBOXING = YES;
				GCC_C_LANGUAGE_STANDARD = gnu17;
				GCC_NO_COMMON_BLOCKS = YES;
				GCC_WARN_64_TO_32_BIT_CONVERSION = YES;
				GCC_WARN_ABOUT_RETURN_TYPE = YES_ERROR;
				GCC_WARN_UNDECLARED_SELECTOR = YES;
				GCC_WARN_UNINITIALIZED_AUTOS = YES_AGGRESSIVE;
				GCC_WARN_UNUSED_FUNCTION = YES;
				GCC_WARN_UNUSED_VARIABLE = YES;
				IPHONEOS_DEPLOYMENT_TARGET = 18.2;
				LOCALIZATION_PREFERS_STRING_CATALOGS = YES;
				MTL_ENABLE_DEBUG_INFO = NO;
				MTL_FAST_MATH = YES;
				SDKROOT = iphoneos;
				SWIFT_COMPILATION_MODE = wholemodule;
				VALIDATE_PRODUCT = YES;
			};
			name = Release;
		};
		7B4081112E296CDD003F916D /* Debug */ = {
			isa = XCBuildConfiguration;
			buildSettings = {
				ASSETCATALOG_COMPILER_APPICON_NAME = AppIcon;
				ASSETCATALOG_COMPILER_GLOBAL_ACCENT_COLOR_NAME = AccentColor;
				CODE_SIGN_STYLE = Automatic;
				CURRENT_PROJECT_VERSION = 1;
				DEVELOPMENT_ASSET_PATHS = "\"RickAndMortySearchApp/Preview Content\"";
				DEVELOPMENT_TEAM = T4B6L77832;
				ENABLE_PREVIEWS = YES;
				GENERATE_INFOPLIST_FILE = YES;
				INFOPLIST_KEY_UIApplicationSceneManifest_Generation = YES;
				INFOPLIST_KEY_UIApplicationSupportsIndirectInputEvents = YES;
				INFOPLIST_KEY_UILaunchScreen_Generation = YES;
				INFOPLIST_KEY_UISupportedInterfaceOrientations_iPad = "UIInterfaceOrientationPortrait UIInterfaceOrientationPortraitUpsideDown UIInterfaceOrientationLandscapeLeft UIInterfaceOrientationLandscapeRight";
				INFOPLIST_KEY_UISupportedInterfaceOrientations_iPhone = "UIInterfaceOrientationPortrait UIInterfaceOrientationLandscapeLeft UIInterfaceOrientationLandscapeRight";
				LD_RUNPATH_SEARCH_PATHS = (
					"$(inherited)",
					"@executable_path/Frameworks",
				);
				MARKETING_VERSION = 1.0;
				PRODUCT_BUNDLE_IDENTIFIER = com.ram.RickAndMortySearchApp.RickAndMortySearchApp;
				PRODUCT_NAME = "$(TARGET_NAME)";
				SWIFT_EMIT_LOC_STRINGS = YES;
				SWIFT_VERSION = 5.0;
				TARGETED_DEVICE_FAMILY = "1,2";
			};
			name = Debug;
		};
		7B4081122E296CDD003F916D /* Release */ = {
			isa = XCBuildConfiguration;
			buildSettings = {
				ASSETCATALOG_COMPILER_APPICON_NAME = AppIcon;
				ASSETCATALOG_COMPILER_GLOBAL_ACCENT_COLOR_NAME = AccentColor;
				CODE_SIGN_STYLE = Automatic;
				CURRENT_PROJECT_VERSION = 1;
				DEVELOPMENT_ASSET_PATHS = "\"RickAndMortySearchApp/Preview Content\"";
				DEVELOPMENT_TEAM = T4B6L77832;
				ENABLE_PREVIEWS = YES;
				GENERATE_INFOPLIST_FILE = YES;
				INFOPLIST_KEY_UIApplicationSceneManifest_Generation = YES;
				INFOPLIST_KEY_UIApplicationSupportsIndirectInputEvents = YES;
				INFOPLIST_KEY_UILaunchScreen_Generation = YES;
				INFOPLIST_KEY_UISupportedInterfaceOrientations_iPad = "UIInterfaceOrientationPortrait UIInterfaceOrientationPortraitUpsideDown UIInterfaceOrientationLandscapeLeft UIInterfaceOrientationLandscapeRight";
				INFOPLIST_KEY_UISupportedInterfaceOrientations_iPhone = "UIInterfaceOrientationPortrait UIInterfaceOrientationLandscapeLeft UIInterfaceOrientationLandscapeRight";
				LD_RUNPATH_SEARCH_PATHS = (
					"$(inherited)",
					"@executable_path/Frameworks",
				);
				MARKETING_VERSION = 1.0;
				PRODUCT_BUNDLE_IDENTIFIER = com.ram.RickAndMortySearchApp.RickAndMortySearchApp;
				PRODUCT_NAME = "$(TARGET_NAME)";
				SWIFT_EMIT_LOC_STRINGS = YES;
				SWIFT_VERSION = 5.0;
				TARGETED_DEVICE_FAMILY = "1,2";
			};
			name = Release;
		};
		7B4081142E296CDD003F916D /* Debug */ = {
			isa = XCBuildConfiguration;
			buildSettings = {
				BUNDLE_LOADER = "$(TEST_HOST)";
				CODE_SIGN_STYLE = Automatic;
				CURRENT_PROJECT_VERSION = 1;
				DEVELOPMENT_TEAM = T4B6L77832;
				GENERATE_INFOPLIST_FILE = YES;
				IPHONEOS_DEPLOYMENT_TARGET = 18.2;
				MARKETING_VERSION = 1.0;
				PRODUCT_BUNDLE_IDENTIFIER = com.ram.RickAndMortySearchApp.RickAndMortySearchAppTests;
				PRODUCT_NAME = "$(TARGET_NAME)";
				SWIFT_EMIT_LOC_STRINGS = NO;
				SWIFT_VERSION = 5.0;
				TARGETED_DEVICE_FAMILY = "1,2";
				TEST_HOST = "$(BUILT_PRODUCTS_DIR)/RickAndMortySearchApp.app/$(BUNDLE_EXECUTABLE_FOLDER_PATH)/RickAndMortySearchApp";
			};
			name = Debug;
		};
		7B4081152E296CDD003F916D /* Release */ = {
			isa = XCBuildConfiguration;
			buildSettings = {
				BUNDLE_LOADER = "$(TEST_HOST)";
				CODE_SIGN_STYLE = Automatic;
				CURRENT_PROJECT_VERSION = 1;
				DEVELOPMENT_TEAM = T4B6L77832;
				GENERATE_INFOPLIST_FILE = YES;
				IPHONEOS_DEPLOYMENT_TARGET = 18.2;
				MARKETING_VERSION = 1.0;
				PRODUCT_BUNDLE_IDENTIFIER = com.ram.RickAndMortySearchApp.RickAndMortySearchAppTests;
				PRODUCT_NAME = "$(TARGET_NAME)";
				SWIFT_EMIT_LOC_STRINGS = NO;
				SWIFT_VERSION = 5.0;
				TARGETED_DEVICE_FAMILY = "1,2";
				TEST_HOST = "$(BUILT_PRODUCTS_DIR)/RickAndMortySearchApp.app/$(BUNDLE_EXECUTABLE_FOLDER_PATH)/RickAndMortySearchApp";
			};
			name = Release;
		};
		7B4081172E296CDD003F916D /* Debug */ = {
			isa = XCBuildConfiguration;
			buildSettings = {
				CODE_SIGN_STYLE = Automatic;
				CURRENT_PROJECT_VERSION = 1;
				DEVELOPMENT_TEAM = T4B6L77832;
				GENERATE_INFOPLIST_FILE = YES;
				MARKETING_VERSION = 1.0;
				PRODUCT_BUNDLE_IDENTIFIER = com.ram.RickAndMortySearchApp.RickAndMortySearchAppUITests;
				PRODUCT_NAME = "$(TARGET_NAME)";
				SWIFT_EMIT_LOC_STRINGS = NO;
				SWIFT_VERSION = 5.0;
				TARGETED_DEVICE_FAMILY = "1,2";
				TEST_TARGET_NAME = RickAndMortySearchApp;
			};
			name = Debug;
		};
		7B4081182E296CDD003F916D /* Release */ = {
			isa = XCBuildConfiguration;
			buildSettings = {
				CODE_SIGN_STYLE = Automatic;
				CURRENT_PROJECT_VERSION = 1;
				DEVELOPMENT_TEAM = T4B6L77832;
				GENERATE_INFOPLIST_FILE = YES;
				MARKETING_VERSION = 1.0;
				PRODUCT_BUNDLE_IDENTIFIER = com.ram.RickAndMortySearchApp.RickAndMortySearchAppUITests;
				PRODUCT_NAME = "$(TARGET_NAME)";
				SWIFT_EMIT_LOC_STRINGS = NO;
				SWIFT_VERSION = 5.0;
				TARGETED_DEVICE_FAMILY = "1,2";
				TEST_TARGET_NAME = RickAndMortySearchApp;
			};
			name = Release;
		};
/* End XCBuildConfiguration section */

/* Begin XCConfigurationList section */
		7B4080E72E296CD9003F916D /* Build configuration list for PBXProject "RickAndMortySearchApp" */ = {
			isa = XCConfigurationList;
			buildConfigurations = (
				7B40810E2E296CDD003F916D /* Debug */,
				7B40810F2E296CDD003F916D /* Release */,
			);
			defaultConfigurationIsVisible = 0;
			defaultConfigurationName = Release;
		};
		7B4081102E296CDD003F916D /* Build configuration list for PBXNativeTarget "RickAndMortySearchApp" */ = {
			isa = XCConfigurationList;
			buildConfigurations = (
				7B4081112E296CDD003F916D /* Debug */,
				7B4081122E296CDD003F916D /* Release */,
			);
			defaultConfigurationIsVisible = 0;
			defaultConfigurationName = Release;
		};
		7B4081132E296CDD003F916D /* Build configuration list for PBXNativeTarget "RickAndMortySearchAppTests" */ = {
			isa = XCConfigurationList;
			buildConfigurations = (
				7B4081142E296CDD003F916D /* Debug */,
				7B4081152E296CDD003F916D /* Release */,
			);
			defaultConfigurationIsVisible = 0;
			defaultConfigurationName = Release;
		};
		7B4081162E296CDD003F916D /* Build configuration list for PBXNativeTarget "RickAndMortySearchAppUITests" */ = {
			isa = XCConfigurationList;
			buildConfigurations = (
				7B4081172E296CDD003F916D /* Debug */,
				7B4081182E296CDD003F916D /* Release */,
			);
			defaultConfigurationIsVisible = 0;
			defaultConfigurationName = Release;
		};
/* End XCConfigurationList section */
	};
	rootObject = 7B4080E42E296CD9003F916D /* Project object */;
}
